
Microsoft Visual Studio Solution File, Format Version 12.00
# Visual Studio Version 16
VisualStudioVersion = 16.0.31911.196
MinimumVisualStudioVersion = 10.0.40219.1
Project("{FAE04EC0-301F-11D3-BF4B-00C04F79EFBC}") = "PowerPiezasAPI", "PowerPiezasAPI.csproj", "{6865947D-A6D5-465F-9581-B2CCF76EDBE1}"
EndProject
Global
	GlobalSection(SolutionConfigurationPlatforms) = preSolution
		Debug|Any CPU = Debug|Any CPU
		Release|Any CPU = Release|Any CPU
	EndGlobalSection
	GlobalSection(ProjectConfigurationPlatforms) = postSolution
		{6865947D-A6D5-465F-9581-B2CCF76EDBE1}.Debug|Any CPU.ActiveCfg = Debug|Any CPU
		{6865947D-A6D5-465F-9581-B2CCF76EDBE1}.Debug|Any CPU.Build.0 = Debug|Any CPU
		{6865947D-A6D5-465F-9581-B2CCF76EDBE1}.Release|Any CPU.ActiveCfg = Release|Any CPU
		{6865947D-A6D5-465F-9581-B2CCF76EDBE1}.Release|Any CPU.Build.0 = Release|Any CPU
	EndGlobalSection
	GlobalSection(SolutionProperties) = preSolution
		HideSolutionNode = FALSE
	EndGlobalSection
	GlobalSection(ExtensibilityGlobals) = postSolution
		SolutionGuid = {91DE5493-3E10-4C65-B96E-411EB52B5FFA}
	EndGlobalSection
EndGlobal
